
Microsoft Visual Studio Solution File, Format Version 12.00
# Visual Studio 15
VisualStudioVersion = 15.0.28307.779
MinimumVisualStudioVersion = 10.0.40219.1
Project("{FAE04EC0-301F-11D3-BF4B-00C04F79EFBC}") = "SalesManagement_SysDev", "SalesManagement_SysDev\SalesManagement_SysDev.csproj", "{4F312C41-8A35-41B9-A847-2243F49D40F2}"
EndProject
Global
	GlobalSection(SolutionConfigurationPlatforms) = preSolution
		Debug|Any CPU = Debug|Any CPU
		Release|Any CPU = Release|Any CPU
	EndGlobalSection
	GlobalSection(ProjectConfigurationPlatforms) = postSolution
		{4F312C41-8A35-41B9-A847-2243F49D40F2}.Debug|Any CPU.ActiveCfg = Debug|Any CPU
		{4F312C41-8A35-41B9-A847-2243F49D40F2}.Debug|Any CPU.Build.0 = Debug|Any CPU
		{4F312C41-8A35-41B9-A847-2243F49D40F2}.Release|Any CPU.ActiveCfg = Release|Any CPU
		{4F312C41-8A35-41B9-A847-2243F49D40F2}.Release|Any CPU.Build.0 = Release|Any CPU
	EndGlobalSection
	GlobalSection(SolutionProperties) = preSolution
		HideSolutionNode = FALSE
	EndGlobalSection
	GlobalSection(ExtensibilityGlobals) = postSolution
		SolutionGuid = {46B0D04E-A7A8-4A02-B8C3-7B9D07606627}
	EndGlobalSection
EndGlobal
